
Microsoft Visual Studio Solution File, Format Version 12.00
# Visual Studio Version 16
VisualStudioVersion = 16.0.29201.188
MinimumVisualStudioVersion = 10.0.40219.1
Project("{FAE04EC0-301F-11D3-BF4B-00C04F79EFBC}") = "Battery Soldering Data Collect", "Battery Soldering Data Collect.csproj", "{5AC93874-CA26-4B93-A621-1DF027CBF0D9}"
EndProject
Project("{54435603-DBB4-11D2-8724-00A0C9A8B90C}") = "Soldering_data_installer", "..\Soldering_data_installer\Soldering_data_installer.vdproj", "{E4B65334-B094-4CBE-AE55-ABDFD1A6100E}"
EndProject
Global
	GlobalSection(SolutionConfigurationPlatforms) = preSolution
		Debug|Any CPU = Debug|Any CPU
		Debug|ARM = Debug|ARM
		Debug|ARM64 = Debug|ARM64
		Debug|x64 = Debug|x64
		Debug|x86 = Debug|x86
		Release|Any CPU = Release|Any CPU
		Release|ARM = Release|ARM
		Release|ARM64 = Release|ARM64
		Release|x64 = Release|x64
		Release|x86 = Release|x86
	EndGlobalSection
	GlobalSection(ProjectConfigurationPlatforms) = postSolution
		{5AC93874-CA26-4B93-A621-1DF027CBF0D9}.Debug|Any CPU.ActiveCfg = Debug|Any CPU
		{5AC93874-CA26-4B93-A621-1DF027CBF0D9}.Debug|Any CPU.Build.0 = Debug|Any CPU
		{5AC93874-CA26-4B93-A621-1DF027CBF0D9}.Debug|ARM.ActiveCfg = Debug|Any CPU
		{5AC93874-CA26-4B93-A621-1DF027CBF0D9}.Debug|ARM.Build.0 = Debug|Any CPU
		{5AC93874-CA26-4B93-A621-1DF027CBF0D9}.Debug|ARM64.ActiveCfg = Debug|Any CPU
		{5AC93874-CA26-4B93-A621-1DF027CBF0D9}.Debug|ARM64.Build.0 = Debug|Any CPU
		{5AC93874-CA26-4B93-A621-1DF027CBF0D9}.Debug|x64.ActiveCfg = Debug|Any CPU
		{5AC93874-CA26-4B93-A621-1DF027CBF0D9}.Debug|x64.Build.0 = Debug|Any CPU
		{5AC93874-CA26-4B93-A621-1DF027CBF0D9}.Debug|x86.ActiveCfg = Debug|Any CPU
		{5AC93874-CA26-4B93-A621-1DF027CBF0D9}.Debug|x86.Build.0 = Debug|Any CPU
		{5AC93874-CA26-4B93-A621-1DF027CBF0D9}.Release|Any CPU.ActiveCfg = Release|Any CPU
		{5AC93874-CA26-4B93-A621-1DF027CBF0D9}.Release|Any CPU.Build.0 = Release|Any CPU
		{5AC93874-CA26-4B93-A621-1DF027CBF0D9}.Release|ARM.ActiveCfg = Release|Any CPU
		{5AC93874-CA26-4B93-A621-1DF027CBF0D9}.Release|ARM.Build.0 = Release|Any CPU
		{5AC93874-CA26-4B93-A621-1DF027CBF0D9}.Release|ARM64.ActiveCfg = Release|Any CPU
		{5AC93874-CA26-4B93-A621-1DF027CBF0D9}.Release|ARM64.Build.0 = Release|Any CPU
		{5AC93874-CA26-4B93-A621-1DF027CBF0D9}.Release|x64.ActiveCfg = Release|Any CPU
		{5AC93874-CA26-4B93-A621-1DF027CBF0D9}.Release|x64.Build.0 = Release|Any CPU
		{5AC93874-CA26-4B93-A621-1DF027CBF0D9}.Release|x86.ActiveCfg = Release|Any CPU
		{5AC93874-CA26-4B93-A621-1DF027CBF0D9}.Release|x86.Build.0 = Release|Any CPU
		{E4B65334-B094-4CBE-AE55-ABDFD1A6100E}.Debug|Any CPU.ActiveCfg = Debug
		{E4B65334-B094-4CBE-AE55-ABDFD1A6100E}.Debug|ARM.ActiveCfg = Debug
		{E4B65334-B094-4CBE-AE55-ABDFD1A6100E}.Debug|ARM64.ActiveCfg = Debug
		{E4B65334-B094-4CBE-AE55-ABDFD1A6100E}.Debug|x64.ActiveCfg = Debug
		{E4B65334-B094-4CBE-AE55-ABDFD1A6100E}.Debug|x86.ActiveCfg = Debug
		{E4B65334-B094-4CBE-AE55-ABDFD1A6100E}.Release|Any CPU.ActiveCfg = Release
		{E4B65334-B094-4CBE-AE55-ABDFD1A6100E}.Release|ARM.ActiveCfg = Release
		{E4B65334-B094-4CBE-AE55-ABDFD1A6100E}.Release|ARM64.ActiveCfg = Release
		{E4B65334-B094-4CBE-AE55-ABDFD1A6100E}.Release|x64.ActiveCfg = Release
		{E4B65334-B094-4CBE-AE55-ABDFD1A6100E}.Release|x86.ActiveCfg = Release
	EndGlobalSection
	GlobalSection(SolutionProperties) = preSolution
		HideSolutionNode = FALSE
	EndGlobalSection
	GlobalSection(ExtensibilityGlobals) = postSolution
		SolutionGuid = {DA020759-A832-41A8-BA9E-D47E67A54736}
	EndGlobalSection
EndGlobal
